{
  "nodes": {
    "flake-parts": {
      "inputs": {
        "nixpkgs-lib": [
          "nixpkgs"
        ]
      },
      "locked": {
        "lastModified": 1775087534,
        "owner": "hercules-ci",
        "repo": "flake-parts",
        "rev": "3107b77cd68437b9a76194f0f7f9c55f2329ca5b",
        "type": "github"
      },
      "original": {
        "owner": "hercules-ci",
        "repo": "flake-parts",
        "type": "github"
      }
    },
    "nixpkgs": {
      "locked": {
        "lastModified": 1776350443,
        "rev": "5d2055d39e7bfd28c4bf4fc0ff62cc5142b8177b",
        "revCount": 980925,
        "type": "git",
        "url": "file:/home/lach/build/nixpkgs"
      },
      "original": {
        "type": "git",
        "url": "file:/home/lach/build/nixpkgs"
      }
    },
    "nixpkgs-libvirt_10_5": {
      "locked": {
        "lastModified": 1727211877,
        "owner": "NixOS",
        "repo": "nixpkgs",
        "rev": "e0464e47880a69896f0fb1810f00e0de469f770a",
        "type": "github"
      },
      "original": {
        "owner": "NixOS",
        "repo": "nixpkgs",
        "rev": "e0464e47880a69896f0fb1810f00e0de469f770a",
        "type": "github"
      }
    },
    "root": {
      "inputs": {
        "flake-parts": "flake-parts",
        "nixpkgs": "nixpkgs",
        "nixpkgs-libvirt_10_5": "nixpkgs-libvirt_10_5",
        "shelly": "shelly",
        "treefmt-nix": "treefmt-nix"
      }
    },
    "shelly": {
      "locked": {
        "lastModified": 1756323923,
        "owner": "CertainLach",
        "repo": "shelly",
        "rev": "b5dd29a500db04f54a9f1c2bf81cdd84df8b0cd7",
        "type": "github"
      },
      "original": {
        "owner": "CertainLach",
        "repo": "shelly",
        "type": "github"
      }
    },
    "treefmt-nix": {
      "inputs": {
        "nixpkgs": [
          "nixpkgs"
        ]
      },
      "locked": {
        "lastModified": 1775636079,
        "owner": "numtide",
        "repo": "treefmt-nix",
        "rev": "790751ff7fd3801feeaf96d7dc416a8d581265ba",
        "type": "github"
      },
      "original": {
        "owner": "numtide",
        "repo": "treefmt-nix",
        "type": "github"
      }
    }
  },
  "root": "root",
  "version": 7
}
